<?xml version="1.0" encoding="utf-8"?>
<Project ToolsVersion="4.0" xmlns="http://schemas.microsoft.com/developer/msbuild/2003">
  <ItemGroup>
    <Filter Include="Source Files">
      <UniqueIdentifier>{4FC737F1-C7A5-4376-A066-2A32D752A2FF}</UniqueIdentifier>
      <Extensions>cpp;c;cc;cxx;def;odl;idl;hpj;bat;asm;asmx</Extensions>
    </Filter>
    <Filter Include="Header Files">
      <UniqueIdentifier>{93995380-89BD-4b04-88EB-625FBE52EBFB}</UniqueIdentifier>
      <Extensions>h;hpp;hxx;hm;inl;inc;xsd</Extensions>
    </Filter>
    <Filter Include="Resource Files">
      <UniqueIdentifier>{67DA6AB6-F800-4c08-8B7A-83BB121AAD01}</UniqueIdentifier>
      <Extensions>rc;ico;cur;bmp;dlg;rc2;rct;bin;rgs;gif;jpg;jpeg;jpe;resx;tiff;tif;png;wav;mfcribbon-ms</Extensions>
    </Filter>
  </ItemGroup>
  <ItemGroup>
    <None Include="graphics\selector.png">
      <Filter>Resource Files</Filter>
    </None>
    <None Include="graphics\tile1.png">
      <Filter>Resource Files</Filter>
    </None>
    <None Include="graphics\note_1.png">
      <Filter>Resource Files</Filter>
    </None>
    <None Include="graphics\note_2.png">
      <Filter>Resource Files</Filter>
    </None>
    <None Include="graphics\note_3.png">
      <Filter>Resource Files</Filter>
    </None>
    <None Include="graphics\boom_sheet.png">
      <Filter>Resource Files</Filter>
    </None>
  </ItemGroup>
  <ItemGroup>
    <ClCompile Include="bWindow.cpp">
      <Filter>Source Files</Filter>
    </ClCompile>
    <ClCompile Include="bTexture.cpp">
      <Filter>Source Files</Filter>
    </ClCompile>
    <ClCompile Include="bEngine.cpp">
      <Filter>Source Files</Filter>
    </ClCompile>
    <ClCompile Include="main.cpp">
      <Filter>Source Files</Filter>
    </ClCompile>
    <ClCompile Include="bPlayManager.cpp">
      <Filter>Source Files</Filter>
    </ClCompile>
    <ClCompile Include="bTimer.cpp">
      <Filter>Source Files</Filter>
    </ClCompile>
    <ClCompile Include="bInputManager.cpp">
      <Filter>Source Files</Filter>
    </ClCompile>
    <ClCompile Include="bEntity.cpp">
      <Filter>Source Files</Filter>
    </ClCompile>
    <ClCompile Include="bParticle.cpp">
      <Filter>Source Files</Filter>
    </ClCompile>
    <ClCompile Include="bPlayer.cpp">
      <Filter>Source Files</Filter>
    </ClCompile>
    <ClCompile Include="bBlock.cpp">
      <Filter>Source Files</Filter>
    </ClCompile>
    <ClCompile Include="bGuitar.cpp">
      <Filter>Source Files</Filter>
    </ClCompile>
    <ClCompile Include="bExplosion.cpp">
      <Filter>Source Files</Filter>
    </ClCompile>
    <ClCompile Include="bEnemy.cpp">
      <Filter>Source Files</Filter>
    </ClCompile>
    <ClCompile Include="bGameText.cpp">
      <Filter>Source Files</Filter>
    </ClCompile>
  </ItemGroup>
  <ItemGroup>
    <ClInclude Include="bWindow.h">
      <Filter>Header Files</Filter>
    </ClInclude>
    <ClInclude Include="bTexture.h">
      <Filter>Header Files</Filter>
    </ClInclude>
    <ClInclude Include="bEngine.h">
      <Filter>Header Files</Filter>
    </ClInclude>
    <ClInclude Include="bPlayManager.h">
      <Filter>Header Files</Filter>
    </ClInclude>
    <ClInclude Include="bTimer.h">
      <Filter>Header Files</Filter>
    </ClInclude>
    <ClInclude Include="bInputManager.h">
      <Filter>Header Files</Filter>
    </ClInclude>
    <ClInclude Include="bEntity.h">
      <Filter>Header Files</Filter>
    </ClInclude>
    <ClInclude Include="bParticle.h">
      <Filter>Header Files</Filter>
    </ClInclude>
    <ClInclude Include="bPlayer.h">
      <Filter>Header Files</Filter>
    </ClInclude>
    <ClInclude Include="bBLock.h">
      <Filter>Header Files</Filter>
    </ClInclude>
    <ClInclude Include="bGuitar.h">
      <Filter>Header Files</Filter>
    </ClInclude>
    <ClInclude Include="bExplosion.h">
      <Filter>Header Files</Filter>
    </ClInclude>
    <ClInclude Include="bEnemy.h">
      <Filter>Header Files</Filter>
    </ClInclude>
    <ClInclude Include="bGameText.h">
      <Filter>Header Files</Filter>
    </ClInclude>
  </ItemGroup>
</Project>